
Microsoft Visual Studio Solution File, Format Version 12.00
# Visual Studio Version 17
VisualStudioVersion = 17.9.34622.214
MinimumVisualStudioVersion = 10.0.40219.1
Project("{FAE04EC0-301F-11D3-BF4B-00C04F79EFBC}") = "IdentityProject", "IdentityProject.csproj", "{9A74A52E-FDA8-4402-85D9-722E9C35C495}"
EndProject
Global
	GlobalSection(SolutionConfigurationPlatforms) = preSolution
		Debug|Any CPU = Debug|Any CPU
		Release|Any CPU = Release|Any CPU
	EndGlobalSection
	GlobalSection(ProjectConfigurationPlatforms) = postSolution
		{9A74A52E-FDA8-4402-85D9-722E9C35C495}.Debug|Any CPU.ActiveCfg = Debug|Any CPU
		{9A74A52E-FDA8-4402-85D9-722E9C35C495}.Debug|Any CPU.Build.0 = Debug|Any CPU
		{9A74A52E-FDA8-4402-85D9-722E9C35C495}.Release|Any CPU.ActiveCfg = Release|Any CPU
		{9A74A52E-FDA8-4402-85D9-722E9C35C495}.Release|Any CPU.Build.0 = Release|Any CPU
	EndGlobalSection
	GlobalSection(SolutionProperties) = preSolution
		HideSolutionNode = FALSE
	EndGlobalSection
	GlobalSection(ExtensibilityGlobals) = postSolution
		SolutionGuid = {45197B5C-AEC3-4E5E-82F5-98479860AFD3}
	EndGlobalSection
EndGlobal
